// !$*UTF8*$!
{
	archiveVersion = 1;
	classes = {
	};
	objectVersion = 55;
	objects = {

/* Begin PBXBuildFile section */
		1D3D6F1428C4D715008AE284 /* PhotoAlbumCollectionViewCell.swift in Sources */ = {isa = PBXBuildFile; fileRef = 1D3D6F1328C4D715008AE284 /* PhotoAlbumCollectionViewCell.swift */; };
		1D40799D28C8D32C00A32A13 /* RegistryViewController.swift in Sources */ = {isa = PBXBuildFile; fileRef = 1D40799C28C8D32C00A32A13 /* RegistryViewController.swift */; };
		1D40799F28C9B8E300A32A13 /* HomeViewController.swift in Sources */ = {isa = PBXBuildFile; fileRef = 1D40799E28C9B8E300A32A13 /* HomeViewController.swift */; };
		1D4079A128C9B8FB00A32A13 /* ProfileViewController.swift in Sources */ = {isa = PBXBuildFile; fileRef = 1D4079A028C9B8FB00A32A13 /* ProfileViewController.swift */; };
		1D4079A328C9BADB00A32A13 /* MainTabBarController.swift in Sources */ = {isa = PBXBuildFile; fileRef = 1D4079A228C9BADB00A32A13 /* MainTabBarController.swift */; };
		1D4ED47028C5570000160A00 /* PhotoAlbumViewControllerExtensions.swift in Sources */ = {isa = PBXBuildFile; fileRef = 1D4ED46F28C5570000160A00 /* PhotoAlbumViewControllerExtensions.swift */; };
		1D59CEA028C7A2410098CA0D /* BucketListTableViewController.swift in Sources */ = {isa = PBXBuildFile; fileRef = 1D59CE9F28C7A2410098CA0D /* BucketListTableViewController.swift */; };
		1D59CEA228C7ACBB0098CA0D /* PhotoDetailViewController.swift in Sources */ = {isa = PBXBuildFile; fileRef = 1D59CEA128C7ACBB0098CA0D /* PhotoDetailViewController.swift */; };
		1D59CEC428C8C48F0098CA0D /* LoginViewController.swift in Sources */ = {isa = PBXBuildFile; fileRef = 1D59CEC328C8C48F0098CA0D /* LoginViewController.swift */; };
		1D81C1C828C1EC0D000FE925 /* AppDelegate.swift in Sources */ = {isa = PBXBuildFile; fileRef = 1D81C1C728C1EC0D000FE925 /* AppDelegate.swift */; };
		1D81C1CA28C1EC0D000FE925 /* SceneDelegate.swift in Sources */ = {isa = PBXBuildFile; fileRef = 1D81C1C928C1EC0D000FE925 /* SceneDelegate.swift */; };
		1D81C1CF28C1EC0D000FE925 /* Main.storyboard in Resources */ = {isa = PBXBuildFile; fileRef = 1D81C1CD28C1EC0D000FE925 /* Main.storyboard */; };
		1D81C1D128C1EC0F000FE925 /* Assets.xcassets in Resources */ = {isa = PBXBuildFile; fileRef = 1D81C1D028C1EC0F000FE925 /* Assets.xcassets */; };
		1D81C1D428C1EC0F000FE925 /* LaunchScreen.storyboard in Resources */ = {isa = PBXBuildFile; fileRef = 1D81C1D228C1EC0F000FE925 /* LaunchScreen.storyboard */; };
		1D81C1DF28C1EC0F000FE925 /* TravelTests.swift in Sources */ = {isa = PBXBuildFile; fileRef = 1D81C1DE28C1EC0F000FE925 /* TravelTests.swift */; };
		1D81C1E928C1EC0F000FE925 /* TravelUITests.swift in Sources */ = {isa = PBXBuildFile; fileRef = 1D81C1E828C1EC0F000FE925 /* TravelUITests.swift */; };
		1D81C1EB28C1EC0F000FE925 /* TravelUITestsLaunchTests.swift in Sources */ = {isa = PBXBuildFile; fileRef = 1D81C1EA28C1EC0F000FE925 /* TravelUITestsLaunchTests.swift */; };
		1DD622BB28C23315008ABA87 /* PhotoAlbumViewController.swift in Sources */ = {isa = PBXBuildFile; fileRef = 1DD622BA28C23315008ABA87 /* PhotoAlbumViewController.swift */; };
/* End PBXBuildFile section */

/* Begin PBXContainerItemProxy section */
		1D81C1DB28C1EC0F000FE925 /* PBXContainerItemProxy */ = {
			isa = PBXContainerItemProxy;
			containerPortal = 1D81C1BC28C1EC0D000FE925 /* Project object */;
			proxyType = 1;
			remoteGlobalIDString = 1D81C1C328C1EC0D000FE925;
			remoteInfo = Travel;
		};
		1D81C1E528C1EC0F000FE925 /* PBXContainerItemProxy */ = {
			isa = PBXContainerItemProxy;
			containerPortal = 1D81C1BC28C1EC0D000FE925 /* Project object */;
			proxyType = 1;
			remoteGlobalIDString = 1D81C1C328C1EC0D000FE925;
			remoteInfo = Travel;
		};
/* End PBXContainerItemProxy section */

/* Begin PBXFileReference section */
		1D3D6F1328C4D715008AE284 /* PhotoAlbumCollectionViewCell.swift */ = {isa = PBXFileReference; lastKnownFileType = sourcecode.swift; path = PhotoAlbumCollectionViewCell.swift; sourceTree = "<group>"; };
		1D40799C28C8D32C00A32A13 /* RegistryViewController.swift */ = {isa = PBXFileReference; lastKnownFileType = sourcecode.swift; path = RegistryViewController.swift; sourceTree = "<group>"; };
		1D40799E28C9B8E300A32A13 /* HomeViewController.swift */ = {isa = PBXFileReference; lastKnownFileType = sourcecode.swift; path = HomeViewController.swift; sourceTree = "<group>"; };
		1D4079A028C9B8FB00A32A13 /* ProfileViewController.swift */ = {isa = PBXFileReference; lastKnownFileType = sourcecode.swift; path = ProfileViewController.swift; sourceTree = "<group>"; };
		1D4079A228C9BADB00A32A13 /* MainTabBarController.swift */ = {isa = PBXFileReference; lastKnownFileType = sourcecode.swift; path = MainTabBarController.swift; sourceTree = "<group>"; };
		1D4ED46F28C5570000160A00 /* PhotoAlbumViewControllerExtensions.swift */ = {isa = PBXFileReference; lastKnownFileType = sourcecode.swift; path = PhotoAlbumViewControllerExtensions.swift; sourceTree = "<group>"; };
		1D59CE9F28C7A2410098CA0D /* BucketListTableViewController.swift */ = {isa = PBXFileReference; lastKnownFileType = sourcecode.swift; path = BucketListTableViewController.swift; sourceTree = "<group>"; };
		1D59CEA128C7ACBB0098CA0D /* PhotoDetailViewController.swift */ = {isa = PBXFileReference; lastKnownFileType = sourcecode.swift; path = PhotoDetailViewController.swift; sourceTree = "<group>"; };
		1D59CEC328C8C48F0098CA0D /* LoginViewController.swift */ = {isa = PBXFileReference; lastKnownFileType = sourcecode.swift; path = LoginViewController.swift; sourceTree = "<group>"; };
		1D81C1C428C1EC0D000FE925 /* Travel.app */ = {isa = PBXFileReference; explicitFileType = wrapper.application; includeInIndex = 0; path = Travel.app; sourceTree = BUILT_PRODUCTS_DIR; };
		1D81C1C728C1EC0D000FE925 /* AppDelegate.swift */ = {isa = PBXFileReference; lastKnownFileType = sourcecode.swift; path = AppDelegate.swift; sourceTree = "<group>"; };
		1D81C1C928C1EC0D000FE925 /* SceneDelegate.swift */ = {isa = PBXFileReference; lastKnownFileType = sourcecode.swift; path = SceneDelegate.swift; sourceTree = "<group>"; };
		1D81C1CE28C1EC0D000FE925 /* Base */ = {isa = PBXFileReference; lastKnownFileType = file.storyboard; name = Base; path = Base.lproj/Main.storyboard; sourceTree = "<group>"; };
		1D81C1D028C1EC0F000FE925 /* Assets.xcassets */ = {isa = PBXFileReference; lastKnownFileType = folder.assetcatalog; path = Assets.xcassets; sourceTree = "<group>"; };
		1D81C1D328C1EC0F000FE925 /* Base */ = {isa = PBXFileReference; lastKnownFileType = file.storyboard; name = Base; path = Base.lproj/LaunchScreen.storyboard; sourceTree = "<group>"; };
		1D81C1D528C1EC0F000FE925 /* Info.plist */ = {isa = PBXFileReference; lastKnownFileType = text.plist.xml; path = Info.plist; sourceTree = "<group>"; };
		1D81C1DA28C1EC0F000FE925 /* TravelTests.xctest */ = {isa = PBXFileReference; explicitFileType = wrapper.cfbundle; includeInIndex = 0; path = TravelTests.xctest; sourceTree = BUILT_PRODUCTS_DIR; };
		1D81C1DE28C1EC0F000FE925 /* TravelTests.swift */ = {isa = PBXFileReference; lastKnownFileType = sourcecode.swift; path = TravelTests.swift; sourceTree = "<group>"; };
		1D81C1E428C1EC0F000FE925 /* TravelUITests.xctest */ = {isa = PBXFileReference; explicitFileType = wrapper.cfbundle; includeInIndex = 0; path = TravelUITests.xctest; sourceTree = BUILT_PRODUCTS_DIR; };
		1D81C1E828C1EC0F000FE925 /* TravelUITests.swift */ = {isa = PBXFileReference; lastKnownFileType = sourcecode.swift; path = TravelUITests.swift; sourceTree = "<group>"; };
		1D81C1EA28C1EC0F000FE925 /* TravelUITestsLaunchTests.swift */ = {isa = PBXFileReference; lastKnownFileType = sourcecode.swift; path = TravelUITestsLaunchTests.swift; sourceTree = "<group>"; };
		1DD622BA28C23315008ABA87 /* PhotoAlbumViewController.swift */ = {isa = PBXFileReference; lastKnownFileType = sourcecode.swift; path = PhotoAlbumViewController.swift; sourceTree = "<group>"; };
/* End PBXFileReference section */

/* Begin PBXFrameworksBuildPhase section */
		1D81C1C128C1EC0D000FE925 /* Frameworks */ = {
			isa = PBXFrameworksBuildPhase;
			buildActionMask = 2147483647;
			files = (
			);
			runOnlyForDeploymentPostprocessing = 0;
		};
		1D81C1D728C1EC0F000FE925 /* Frameworks */ = {
			isa = PBXFrameworksBuildPhase;
			buildActionMask = 2147483647;
			files = (
			);
			runOnlyForDeploymentPostprocessing = 0;
		};
		1D81C1E128C1EC0F000FE925 /* Frameworks */ = {
			isa = PBXFrameworksBuildPhase;
			buildActionMask = 2147483647;
			files = (
			);
			runOnlyForDeploymentPostprocessing = 0;
		};
/* End PBXFrameworksBuildPhase section */

/* Begin PBXGroup section */
		1D4ED47128C557B200160A00 /* ViewController */ = {
			isa = PBXGroup;
			children = (
				1D59CE9F28C7A2410098CA0D /* BucketListTableViewController.swift */,
				1DD622BA28C23315008ABA87 /* PhotoAlbumViewController.swift */,
				1D59CEA128C7ACBB0098CA0D /* PhotoDetailViewController.swift */,
				1D59CEC328C8C48F0098CA0D /* LoginViewController.swift */,
				1D40799C28C8D32C00A32A13 /* RegistryViewController.swift */,
				1D40799E28C9B8E300A32A13 /* HomeViewController.swift */,
				1D4079A028C9B8FB00A32A13 /* ProfileViewController.swift */,
			);
			path = ViewController;
			sourceTree = "<group>";
		};
		1D81C1BB28C1EC0D000FE925 = {
			isa = PBXGroup;
			children = (
				1D81C1C628C1EC0D000FE925 /* Travel */,
				1D81C1DD28C1EC0F000FE925 /* TravelTests */,
				1D81C1E728C1EC0F000FE925 /* TravelUITests */,
				1D81C1C528C1EC0D000FE925 /* Products */,
			);
			sourceTree = "<group>";
		};
		1D81C1C528C1EC0D000FE925 /* Products */ = {
			isa = PBXGroup;
			children = (
				1D81C1C428C1EC0D000FE925 /* Travel.app */,
				1D81C1DA28C1EC0F000FE925 /* TravelTests.xctest */,
				1D81C1E428C1EC0F000FE925 /* TravelUITests.xctest */,
			);
			name = Products;
			sourceTree = "<group>";
		};
		1D81C1C628C1EC0D000FE925 /* Travel */ = {
			isa = PBXGroup;
			children = (
				1D81C1C728C1EC0D000FE925 /* AppDelegate.swift */,
				1D81C1C928C1EC0D000FE925 /* SceneDelegate.swift */,
				1D81C1CD28C1EC0D000FE925 /* Main.storyboard */,
				1D81C1D028C1EC0F000FE925 /* Assets.xcassets */,
				1D81C1D228C1EC0F000FE925 /* LaunchScreen.storyboard */,
				1D81C1D528C1EC0F000FE925 /* Info.plist */,
				1D4079A228C9BADB00A32A13 /* MainTabBarController.swift */,
				1D3D6F1328C4D715008AE284 /* PhotoAlbumCollectionViewCell.swift */,
				1D4ED47128C557B200160A00 /* ViewController */,
				1DD622B928C22718008ABA87 /* Extensions */,
			);
			path = Travel;
			sourceTree = "<group>";
		};
		1D81C1DD28C1EC0F000FE925 /* TravelTests */ = {
			isa = PBXGroup;
			children = (
				1D81C1DE28C1EC0F000FE925 /* TravelTests.swift */,
			);
			path = TravelTests;
			sourceTree = "<group>";
		};
		1D81C1E728C1EC0F000FE925 /* TravelUITests */ = {
			isa = PBXGroup;
			children = (
				1D81C1E828C1EC0F000FE925 /* TravelUITests.swift */,
				1D81C1EA28C1EC0F000FE925 /* TravelUITestsLaunchTests.swift */,
			);
			path = TravelUITests;
			sourceTree = "<group>";
		};
		1DD622B928C22718008ABA87 /* Extensions */ = {
			isa = PBXGroup;
			children = (
				1D4ED46F28C5570000160A00 /* PhotoAlbumViewControllerExtensions.swift */,
			);
			path = Extensions;
			sourceTree = "<group>";
		};
/* End PBXGroup section */

/* Begin PBXNativeTarget section */
		1D81C1C328C1EC0D000FE925 /* Travel */ = {
			isa = PBXNativeTarget;
			buildConfigurationList = 1D81C1EE28C1EC0F000FE925 /* Build configuration list for PBXNativeTarget "Travel" */;
			buildPhases = (
				1D81C1C028C1EC0D000FE925 /* Sources */,
				1D81C1C128C1EC0D000FE925 /* Frameworks */,
				1D81C1C228C1EC0D000FE925 /* Resources */,
			);
			buildRules = (
			);
			dependencies = (
			);
			name = Travel;
			productName = Travel;
			productReference = 1D81C1C428C1EC0D000FE925 /* Travel.app */;
			productType = "com.apple.product-type.application";
		};
		1D81C1D928C1EC0F000FE925 /* TravelTests */ = {
			isa = PBXNativeTarget;
			buildConfigurationList = 1D81C1F128C1EC0F000FE925 /* Build configuration list for PBXNativeTarget "TravelTests" */;
			buildPhases = (
				1D81C1D628C1EC0F000FE925 /* Sources */,
				1D81C1D728C1EC0F000FE925 /* Frameworks */,
				1D81C1D828C1EC0F000FE925 /* Resources */,
			);
			buildRules = (
			);
			dependencies = (
				1D81C1DC28C1EC0F000FE925 /* PBXTargetDependency */,
			);
			name = TravelTests;
			productName = TravelTests;
			productReference = 1D81C1DA28C1EC0F000FE925 /* TravelTests.xctest */;
			productType = "com.apple.product-type.bundle.unit-test";
		};
		1D81C1E328C1EC0F000FE925 /* TravelUITests */ = {
			isa = PBXNativeTarget;
			buildConfigurationList = 1D81C1F428C1EC0F000FE925 /* Build configuration list for PBXNativeTarget "TravelUITests" */;
			buildPhases = (
				1D81C1E028C1EC0F000FE925 /* Sources */,
				1D81C1E128C1EC0F000FE925 /* Frameworks */,
				1D81C1E228C1EC0F000FE925 /* Resources */,
			);
			buildRules = (
			);
			dependencies = (
				1D81C1E628C1EC0F000FE925 /* PBXTargetDependency */,
			);
			name = TravelUITests;
			productName = TravelUITests;
			productReference = 1D81C1E428C1EC0F000FE925 /* TravelUITests.xctest */;
			productType = "com.apple.product-type.bundle.ui-testing";
		};
/* End PBXNativeTarget section */

/* Begin PBXProject section */
		1D81C1BC28C1EC0D000FE925 /* Project object */ = {
			isa = PBXProject;
			attributes = {
				BuildIndependentTargetsInParallel = 1;
				LastSwiftUpdateCheck = 1340;
				LastUpgradeCheck = 1340;
				TargetAttributes = {
					1D81C1C328C1EC0D000FE925 = {
						CreatedOnToolsVersion = 13.4.1;
					};
					1D81C1D928C1EC0F000FE925 = {
						CreatedOnToolsVersion = 13.4.1;
						TestTargetID = 1D81C1C328C1EC0D000FE925;
					};
					1D81C1E328C1EC0F000FE925 = {
						CreatedOnToolsVersion = 13.4.1;
						TestTargetID = 1D81C1C328C1EC0D000FE925;
					};
				};
			};
			buildConfigurationList = 1D81C1BF28C1EC0D000FE925 /* Build configuration list for PBXProject "Travel" */;
			compatibilityVersion = "Xcode 13.0";
			developmentRegion = en;
			hasScannedForEncodings = 0;
			knownRegions = (
				en,
				Base,
			);
			mainGroup = 1D81C1BB28C1EC0D000FE925;
			productRefGroup = 1D81C1C528C1EC0D000FE925 /* Products */;
			projectDirPath = "";
			projectRoot = "";
			targets = (
				1D81C1C328C1EC0D000FE925 /* Travel */,
				1D81C1D928C1EC0F000FE925 /* TravelTests */,
				1D81C1E328C1EC0F000FE925 /* TravelUITests */,
			);
		};
/* End PBXProject section */

/* Begin PBXResourcesBuildPhase section */
		1D81C1C228C1EC0D000FE925 /* Resources */ = {
			isa = PBXResourcesBuildPhase;
			buildActionMask = 2147483647;
			files = (
				1D81C1D428C1EC0F000FE925 /* LaunchScreen.storyboard in Resources */,
				1D81C1D128C1EC0F000FE925 /* Assets.xcassets in Resources */,
				1D81C1CF28C1EC0D000FE925 /* Main.storyboard in Resources */,
			);
			runOnlyForDeploymentPostprocessing = 0;
		};
		1D81C1D828C1EC0F000FE925 /* Resources */ = {
			isa = PBXResourcesBuildPhase;
			buildActionMask = 2147483647;
			files = (
			);
			runOnlyForDeploymentPostprocessing = 0;
		};
		1D81C1E228C1EC0F000FE925 /* Resources */ = {
			isa = PBXResourcesBuildPhase;
			buildActionMask = 2147483647;
			files = (
			);
			runOnlyForDeploymentPostprocessing = 0;
		};
/* End PBXResourcesBuildPhase section */

/* Begin PBXSourcesBuildPhase section */
		1D81C1C028C1EC0D000FE925 /* Sources */ = {
			isa = PBXSourcesBuildPhase;
			buildActionMask = 2147483647;
			files = (
				1D81C1C828C1EC0D000FE925 /* AppDelegate.swift in Sources */,
				1DD622BB28C23315008ABA87 /* PhotoAlbumViewController.swift in Sources */,
				1D4079A328C9BADB00A32A13 /* MainTabBarController.swift in Sources */,
				1D40799D28C8D32C00A32A13 /* RegistryViewController.swift in Sources */,
				1D81C1CA28C1EC0D000FE925 /* SceneDelegate.swift in Sources */,
				1D59CEA228C7ACBB0098CA0D /* PhotoDetailViewController.swift in Sources */,
				1D40799F28C9B8E300A32A13 /* HomeViewController.swift in Sources */,
				1D4079A128C9B8FB00A32A13 /* ProfileViewController.swift in Sources */,
				1D59CEC428C8C48F0098CA0D /* LoginViewController.swift in Sources */,
				1D4ED47028C5570000160A00 /* PhotoAlbumViewControllerExtensions.swift in Sources */,
				1D3D6F1428C4D715008AE284 /* PhotoAlbumCollectionViewCell.swift in Sources */,
				1D59CEA028C7A2410098CA0D /* BucketListTableViewController.swift in Sources */,
			);
			runOnlyForDeploymentPostprocessing = 0;
		};
		1D81C1D628C1EC0F000FE925 /* Sources */ = {
			isa = PBXSourcesBuildPhase;
			buildActionMask = 2147483647;
			files = (
				1D81C1DF28C1EC0F000FE925 /* TravelTests.swift in Sources */,
			);
			runOnlyForDeploymentPostprocessing = 0;
		};
		1D81C1E028C1EC0F000FE925 /* Sources */ = {
			isa = PBXSourcesBuildPhase;
			buildActionMask = 2147483647;
			files = (
				1D81C1EB28C1EC0F000FE925 /* TravelUITestsLaunchTests.swift in Sources */,
				1D81C1E928C1EC0F000FE925 /* TravelUITests.swift in Sources */,
			);
			runOnlyForDeploymentPostprocessing = 0;
		};
/* End PBXSourcesBuildPhase section */

/* Begin PBXTargetDependency section */
		1D81C1DC28C1EC0F000FE925 /* PBXTargetDependency */ = {
			isa = PBXTargetDependency;
			target = 1D81C1C328C1EC0D000FE925 /* Travel */;
			targetProxy = 1D81C1DB28C1EC0F000FE925 /* PBXContainerItemProxy */;
		};
		1D81C1E628C1EC0F000FE925 /* PBXTargetDependency */ = {
			isa = PBXTargetDependency;
			target = 1D81C1C328C1EC0D000FE925 /* Travel */;
			targetProxy = 1D81C1E528C1EC0F000FE925 /* PBXContainerItemProxy */;
		};
/* End PBXTargetDependency section */

/* Begin PBXVariantGroup section */
		1D81C1CD28C1EC0D000FE925 /* Main.storyboard */ = {
			isa = PBXVariantGroup;
			children = (
				1D81C1CE28C1EC0D000FE925 /* Base */,
			);
			name = Main.storyboard;
			sourceTree = "<group>";
		};
		1D81C1D228C1EC0F000FE925 /* LaunchScreen.storyboard */ = {
			isa = PBXVariantGroup;
			children = (
				1D81C1D328C1EC0F000FE925 /* Base */,
			);
			name = LaunchScreen.storyboard;
			sourceTree = "<group>";
		};
/* End PBXVariantGroup section */

/* Begin XCBuildConfiguration section */
		1D81C1EC28C1EC0F000FE925 /* Debug */ = {
			isa = XCBuildConfiguration;
			buildSettings = {
				ALWAYS_SEARCH_USER_PATHS = NO;
				CLANG_ANALYZER_NONNULL = YES;
				CLANG_ANALYZER_NUMBER_OBJECT_CONVERSION = YES_AGGRESSIVE;
				CLANG_CXX_LANGUAGE_STANDARD = "gnu++17";
				CLANG_ENABLE_MODULES = YES;
				CLANG_ENABLE_OBJC_ARC = YES;
				CLANG_ENABLE_OBJC_WEAK = YES;
				CLANG_WARN_BLOCK_CAPTURE_AUTORELEASING = YES;
				CLANG_WARN_BOOL_CONVERSION = YES;
				CLANG_WARN_COMMA = YES;
				CLANG_WARN_CONSTANT_CONVERSION = YES;
				CLANG_WARN_DEPRECATED_OBJC_IMPLEMENTATIONS = YES;
				CLANG_WARN_DIRECT_OBJC_ISA_USAGE = YES_ERROR;
				CLANG_WARN_DOCUMENTATION_COMMENTS = YES;
				CLANG_WARN_EMPTY_BODY = YES;
				CLANG_WARN_ENUM_CONVERSION = YES;
				CLANG_WARN_INFINITE_RECURSION = YES;
				CLANG_WARN_INT_CONVERSION = YES;
				CLANG_WARN_NON_LITERAL_NULL_CONVERSION = YES;
				CLANG_WARN_OBJC_IMPLICIT_RETAIN_SELF = YES;
				CLANG_WARN_OBJC_LITERAL_CONVERSION = YES;
				CLANG_WARN_OBJC_ROOT_CLASS = YES_ERROR;
				CLANG_WARN_QUOTED_INCLUDE_IN_FRAMEWORK_HEADER = YES;
				CLANG_WARN_RANGE_LOOP_ANALYSIS = YES;
				CLANG_WARN_STRICT_PROTOTYPES = YES;
				CLANG_WARN_SUSPICIOUS_MOVE = YES;
				CLANG_WARN_UNGUARDED_AVAILABILITY = YES_AGGRESSIVE;
				CLANG_WARN_UNREACHABLE_CODE = YES;
				CLANG_WARN__DUPLICATE_METHOD_MATCH = YES;
				COPY_PHASE_STRIP = NO;
				DEBUG_INFORMATION_FORMAT = dwarf;
				ENABLE_STRICT_OBJC_MSGSEND = YES;
				ENABLE_TESTABILITY = YES;
				GCC_C_LANGUAGE_STANDARD = gnu11;
				GCC_DYNAMIC_NO_PIC = NO;
				GCC_NO_COMMON_BLOCKS = YES;
				GCC_OPTIMIZATION_LEVEL = 0;
				GCC_PREPROCESSOR_DEFINITIONS = (
					"DEBUG=1",
					"$(inherited)",
				);
				GCC_WARN_64_TO_32_BIT_CONVERSION = YES;
				GCC_WARN_ABOUT_RETURN_TYPE = YES_ERROR;
				GCC_WARN_UNDECLARED_SELECTOR = YES;
				GCC_WARN_UNINITIALIZED_AUTOS = YES_AGGRESSIVE;
				GCC_WARN_UNUSED_FUNCTION = YES;
				GCC_WARN_UNUSED_VARIABLE = YES;
				IPHONEOS_DEPLOYMENT_TARGET = 15.5;
				MTL_ENABLE_DEBUG_INFO = INCLUDE_SOURCE;
				MTL_FAST_MATH = YES;
				ONLY_ACTIVE_ARCH = YES;
				SDKROOT = iphoneos;
				SWIFT_ACTIVE_COMPILATION_CONDITIONS = DEBUG;
				SWIFT_OPTIMIZATION_LEVEL = "-Onone";
			};
			name = Debug;
		};
		1D81C1ED28C1EC0F000FE925 /* Release */ = {
			isa = XCBuildConfiguration;
			buildSettings = {
				ALWAYS_SEARCH_USER_PATHS = NO;
				CLANG_ANALYZER_NONNULL = YES;
				CLANG_ANALYZER_NUMBER_OBJECT_CONVERSION = YES_AGGRESSIVE;
				CLANG_CXX_LANGUAGE_STANDARD = "gnu++17";
				CLANG_ENABLE_MODULES = YES;
				CLANG_ENABLE_OBJC_ARC = YES;
				CLANG_ENABLE_OBJC_WEAK = YES;
				CLANG_WARN_BLOCK_CAPTURE_AUTORELEASING = YES;
				CLANG_WARN_BOOL_CONVERSION = YES;
				CLANG_WARN_COMMA = YES;
				CLANG_WARN_CONSTANT_CONVERSION = YES;
				CLANG_WARN_DEPRECATED_OBJC_IMPLEMENTATIONS = YES;
				CLANG_WARN_DIRECT_OBJC_ISA_USAGE = YES_ERROR;
				CLANG_WARN_DOCUMENTATION_COMMENTS = YES;
				CLANG_WARN_EMPTY_BODY = YES;
				CLANG_WARN_ENUM_CONVERSION = YES;
				CLANG_WARN_INFINITE_RECURSION = YES;
				CLANG_WARN_INT_CONVERSION = YES;
				CLANG_WARN_NON_LITERAL_NULL_CONVERSION = YES;
				CLANG_WARN_OBJC_IMPLICIT_RETAIN_SELF = YES;
				CLANG_WARN_OBJC_LITERAL_CONVERSION = YES;
				CLANG_WARN_OBJC_ROOT_CLASS = YES_ERROR;
				CLANG_WARN_QUOTED_INCLUDE_IN_FRAMEWORK_HEADER = YES;
				CLANG_WARN_RANGE_LOOP_ANALYSIS = YES;
				CLANG_WARN_STRICT_PROTOTYPES = YES;
				CLANG_WARN_SUSPICIOUS_MOVE = YES;
				CLANG_WARN_UNGUARDED_AVAILABILITY = YES_AGGRESSIVE;
				CLANG_WARN_UNREACHABLE_CODE = YES;
				CLANG_WARN__DUPLICATE_METHOD_MATCH = YES;
				COPY_PHASE_STRIP = NO;
				DEBUG_INFORMATION_FORMAT = "dwarf-with-dsym";
				ENABLE_NS_ASSERTIONS = NO;
				ENABLE_STRICT_OBJC_MSGSEND = YES;
				GCC_C_LANGUAGE_STANDARD = gnu11;
				GCC_NO_COMMON_BLOCKS = YES;
				GCC_WARN_64_TO_32_BIT_CONVERSION = YES;
				GCC_WARN_ABOUT_RETURN_TYPE = YES_ERROR;
				GCC_WARN_UNDECLARED_SELECTOR = YES;
				GCC_WARN_UNINITIALIZED_AUTOS = YES_AGGRESSIVE;
				GCC_WARN_UNUSED_FUNCTION = YES;
				GCC_WARN_UNUSED_VARIABLE = YES;
				IPHONEOS_DEPLOYMENT_TARGET = 15.5;
				MTL_ENABLE_DEBUG_INFO = NO;
				MTL_FAST_MATH = YES;
				SDKROOT = iphoneos;
				SWIFT_COMPILATION_MODE = wholemodule;
				SWIFT_OPTIMIZATION_LEVEL = "-O";
				VALIDATE_PRODUCT = YES;
			};
			name = Release;
		};
		1D81C1EF28C1EC0F000FE925 /* Debug */ = {
			isa = XCBuildConfiguration;
			buildSettings = {
				ASSETCATALOG_COMPILER_APPICON_NAME = AppIcon;
				ASSETCATALOG_COMPILER_GLOBAL_ACCENT_COLOR_NAME = AccentColor;
				CODE_SIGN_STYLE = Automatic;
				CURRENT_PROJECT_VERSION = 1;
				DEVELOPMENT_TEAM = 37H5DH3ZLK;
				GENERATE_INFOPLIST_FILE = YES;
				INFOPLIST_FILE = Travel/Info.plist;
				INFOPLIST_KEY_UIApplicationSupportsIndirectInputEvents = YES;
				INFOPLIST_KEY_UILaunchStoryboardName = LaunchScreen;
				INFOPLIST_KEY_UIMainStoryboardFile = Main;
				INFOPLIST_KEY_UISupportedInterfaceOrientations_iPad = "UIInterfaceOrientationPortrait UIInterfaceOrientationPortraitUpsideDown UIInterfaceOrientationLandscapeLeft UIInterfaceOrientationLandscapeRight";
				INFOPLIST_KEY_UISupportedInterfaceOrientations_iPhone = "UIInterfaceOrientationPortrait UIInterfaceOrientationLandscapeLeft UIInterfaceOrientationLandscapeRight";
				LD_RUNPATH_SEARCH_PATHS = (
					"$(inherited)",
					"@executable_path/Frameworks",
				);
				MARKETING_VERSION = 1.0;
				PRODUCT_BUNDLE_IDENTIFIER = de.jessicaernst.Travel;
				PRODUCT_NAME = "$(TARGET_NAME)";
				SWIFT_EMIT_LOC_STRINGS = YES;
				SWIFT_VERSION = 5.0;
				TARGETED_DEVICE_FAMILY = "1,2";
			};
			name = Debug;
		};
		1D81C1F028C1EC0F000FE925 /* Release */ = {
			isa = XCBuildConfiguration;
			buildSettings = {
				ASSETCATALOG_COMPILER_APPICON_NAME = AppIcon;
				ASSETCATALOG_COMPILER_GLOBAL_ACCENT_COLOR_NAME = AccentColor;
				CODE_SIGN_STYLE = Automatic;
				CURRENT_PROJECT_VERSION = 1;
				DEVELOPMENT_TEAM = 37H5DH3ZLK;
				GENERATE_INFOPLIST_FILE = YES;
				INFOPLIST_FILE = Travel/Info.plist;
				INFOPLIST_KEY_UIApplicationSupportsIndirectInputEvents = YES;
				INFOPLIST_KEY_UILaunchStoryboardName = LaunchScreen;
				INFOPLIST_KEY_UIMainStoryboardFile = Main;
				INFOPLIST_KEY_UISupportedInterfaceOrientations_iPad = "UIInterfaceOrientationPortrait UIInterfaceOrientationPortraitUpsideDown UIInterfaceOrientationLandscapeLeft UIInterfaceOrientationLandscapeRight";
				INFOPLIST_KEY_UISupportedInterfaceOrientations_iPhone = "UIInterfaceOrientationPortrait UIInterfaceOrientationLandscapeLeft UIInterfaceOrientationLandscapeRight";
				LD_RUNPATH_SEARCH_PATHS = (
					"$(inherited)",
					"@executable_path/Frameworks",
				);
				MARKETING_VERSION = 1.0;
				PRODUCT_BUNDLE_IDENTIFIER = de.jessicaernst.Travel;
				PRODUCT_NAME = "$(TARGET_NAME)";
				SWIFT_EMIT_LOC_STRINGS = YES;
				SWIFT_VERSION = 5.0;
				TARGETED_DEVICE_FAMILY = "1,2";
			};
			name = Release;
		};
		1D81C1F228C1EC0F000FE925 /* Debug */ = {
			isa = XCBuildConfiguration;
			buildSettings = {
				ALWAYS_EMBED_SWIFT_STANDARD_LIBRARIES = YES;
				BUNDLE_LOADER = "$(TEST_HOST)";
				CODE_SIGN_STYLE = Automatic;
				CURRENT_PROJECT_VERSION = 1;
				DEVELOPMENT_TEAM = 37H5DH3ZLK;
				GENERATE_INFOPLIST_FILE = YES;
				IPHONEOS_DEPLOYMENT_TARGET = 15.5;
				MARKETING_VERSION = 1.0;
				PRODUCT_BUNDLE_IDENTIFIER = de.jessicaernst.TravelTests;
				PRODUCT_NAME = "$(TARGET_NAME)";
				SWIFT_EMIT_LOC_STRINGS = NO;
				SWIFT_VERSION = 5.0;
				TARGETED_DEVICE_FAMILY = "1,2";
				TEST_HOST = "$(BUILT_PRODUCTS_DIR)/Travel.app/Travel";
			};
			name = Debug;
		};
		1D81C1F328C1EC0F000FE925 /* Release */ = {
			isa = XCBuildConfiguration;
			buildSettings = {
				ALWAYS_EMBED_SWIFT_STANDARD_LIBRARIES = YES;
				BUNDLE_LOADER = "$(TEST_HOST)";
				CODE_SIGN_STYLE = Automatic;
				CURRENT_PROJECT_VERSION = 1;
				DEVELOPMENT_TEAM = 37H5DH3ZLK;
				GENERATE_INFOPLIST_FILE = YES;
				IPHONEOS_DEPLOYMENT_TARGET = 15.5;
				MARKETING_VERSION = 1.0;
				PRODUCT_BUNDLE_IDENTIFIER = de.jessicaernst.TravelTests;
				PRODUCT_NAME = "$(TARGET_NAME)";
				SWIFT_EMIT_LOC_STRINGS = NO;
				SWIFT_VERSION = 5.0;
				TARGETED_DEVICE_FAMILY = "1,2";
				TEST_HOST = "$(BUILT_PRODUCTS_DIR)/Travel.app/Travel";
			};
			name = Release;
		};
		1D81C1F528C1EC0F000FE925 /* Debug */ = {
			isa = XCBuildConfiguration;
			buildSettings = {
				ALWAYS_EMBED_SWIFT_STANDARD_LIBRARIES = YES;
				CODE_SIGN_STYLE = Automatic;
				CURRENT_PROJECT_VERSION = 1;
				DEVELOPMENT_TEAM = 37H5DH3ZLK;
				GENERATE_INFOPLIST_FILE = YES;
				MARKETING_VERSION = 1.0;
				PRODUCT_BUNDLE_IDENTIFIER = de.jessicaernst.TravelUITests;
				PRODUCT_NAME = "$(TARGET_NAME)";
				SWIFT_EMIT_LOC_STRINGS = NO;
				SWIFT_VERSION = 5.0;
				TARGETED_DEVICE_FAMILY = "1,2";
				TEST_TARGET_NAME = Travel;
			};
			name = Debug;
		};
		1D81C1F628C1EC0F000FE925 /* Release */ = {
			isa = XCBuildConfiguration;
			buildSettings = {
				ALWAYS_EMBED_SWIFT_STANDARD_LIBRARIES = YES;
				CODE_SIGN_STYLE = Automatic;
				CURRENT_PROJECT_VERSION = 1;
				DEVELOPMENT_TEAM = 37H5DH3ZLK;
				GENERATE_INFOPLIST_FILE = YES;
				MARKETING_VERSION = 1.0;
				PRODUCT_BUNDLE_IDENTIFIER = de.jessicaernst.TravelUITests;
				PRODUCT_NAME = "$(TARGET_NAME)";
				SWIFT_EMIT_LOC_STRINGS = NO;
				SWIFT_VERSION = 5.0;
				TARGETED_DEVICE_FAMILY = "1,2";
				TEST_TARGET_NAME = Travel;
			};
			name = Release;
		};
/* End XCBuildConfiguration section */

/* Begin XCConfigurationList section */
		1D81C1BF28C1EC0D000FE925 /* Build configuration list for PBXProject "Travel" */ = {
			isa = XCConfigurationList;
			buildConfigurations = (
				1D81C1EC28C1EC0F000FE925 /* Debug */,
				1D81C1ED28C1EC0F000FE925 /* Release */,
			);
			defaultConfigurationIsVisible = 0;
			defaultConfigurationName = Release;
		};
		1D81C1EE28C1EC0F000FE925 /* Build configuration list for PBXNativeTarget "Travel" */ = {
			isa = XCConfigurationList;
			buildConfigurations = (
				1D81C1EF28C1EC0F000FE925 /* Debug */,
				1D81C1F028C1EC0F000FE925 /* Release */,
			);
			defaultConfigurationIsVisible = 0;
			defaultConfigurationName = Release;
		};
		1D81C1F128C1EC0F000FE925 /* Build configuration list for PBXNativeTarget "TravelTests" */ = {
			isa = XCConfigurationList;
			buildConfigurations = (
				1D81C1F228C1EC0F000FE925 /* Debug */,
				1D81C1F328C1EC0F000FE925 /* Release */,
			);
			defaultConfigurationIsVisible = 0;
			defaultConfigurationName = Release;
		};
		1D81C1F428C1EC0F000FE925 /* Build configuration list for PBXNativeTarget "TravelUITests" */ = {
			isa = XCConfigurationList;
			buildConfigurations = (
				1D81C1F528C1EC0F000FE925 /* Debug */,
				1D81C1F628C1EC0F000FE925 /* Release */,
			);
			defaultConfigurationIsVisible = 0;
			defaultConfigurationName = Release;
		};
/* End XCConfigurationList section */
	};
	rootObject = 1D81C1BC28C1EC0D000FE925 /* Project object */;
}
